
Microsoft Visual Studio Solution File, Format Version 12.00
# Visual Studio Version 16
VisualStudioVersion = 16.0.29905.134
MinimumVisualStudioVersion = 10.0.40219.1
Project("{FAE04EC0-301F-11D3-BF4B-00C04F79EFBC}") = "api", "api\api.csproj", "{8B8B2A5C-B274-4588-90CE-4D1DF28B86C3}"
EndProject
Global
	GlobalSection(SolutionConfigurationPlatforms) = preSolution
		Debug|Any CPU = Debug|Any CPU
		Release|Any CPU = Release|Any CPU
	EndGlobalSection
	GlobalSection(ProjectConfigurationPlatforms) = postSolution
		{8B8B2A5C-B274-4588-90CE-4D1DF28B86C3}.Debug|Any CPU.ActiveCfg = Debug|Any CPU
		{8B8B2A5C-B274-4588-90CE-4D1DF28B86C3}.Debug|Any CPU.Build.0 = Debug|Any CPU
		{8B8B2A5C-B274-4588-90CE-4D1DF28B86C3}.Release|Any CPU.ActiveCfg = Release|Any CPU
		{8B8B2A5C-B274-4588-90CE-4D1DF28B86C3}.Release|Any CPU.Build.0 = Release|Any CPU
	EndGlobalSection
	GlobalSection(SolutionProperties) = preSolution
		HideSolutionNode = FALSE
	EndGlobalSection
	GlobalSection(ExtensibilityGlobals) = postSolution
		SolutionGuid = {7DBA1C01-8667-4042-8616-BC29130B6EF2}
	EndGlobalSection
EndGlobal
